// !$*UTF8*$!
{
	archiveVersion = 1;
	classes = {
	};
	objectVersion = 48;
	objects = {

/* Begin PBXBuildFile section */
		A2023E8520A5C6A100D5638A /* XYBaseAdView+internal.h in Headers */ = {isa = PBXBuildFile; fileRef = A2023E8320A5C6A100D5638A /* XYBaseAdView+internal.h */; };
		A203C4F4206E6E09007C5497 /* XYDelegate.h in Headers */ = {isa = PBXBuildFile; fileRef = A203C4F2206E6E09007C5497 /* XYDelegate.h */; };
		A203C4F5206E6E09007C5497 /* XYDelegate.m in Sources */ = {isa = PBXBuildFile; fileRef = A203C4F3206E6E09007C5497 /* XYDelegate.m */; };
		A2652F36205BA63D00756678 /* XYVendorConfig.h in Headers */ = {isa = PBXBuildFile; fileRef = A2652F34205BA63D00756678 /* XYVendorConfig.h */; };
		A2652F37205BA63D00756678 /* XYVendorConfig.m in Sources */ = {isa = PBXBuildFile; fileRef = A2652F35205BA63D00756678 /* XYVendorConfig.m */; };
		A2652F3A205BCA5200756678 /* XYVendor.h in Headers */ = {isa = PBXBuildFile; fileRef = A2652F38205BCA5200756678 /* XYVendor.h */; };
		A2652F3B205BCA5200756678 /* XYVendor.m in Sources */ = {isa = PBXBuildFile; fileRef = A2652F39205BCA5200756678 /* XYVendor.m */; };
		A2652F44205CDFE500756678 /* XYLog.h in Headers */ = {isa = PBXBuildFile; fileRef = A2652F42205CDFE500756678 /* XYLog.h */; };
		A2652F45205CDFE500756678 /* XYLog.m in Sources */ = {isa = PBXBuildFile; fileRef = A2652F43205CDFE500756678 /* XYLog.m */; };
		A27A8F2520610D55004FF997 /* XYStrategy.h in Headers */ = {isa = PBXBuildFile; fileRef = A27A8F2320610D55004FF997 /* XYStrategy.h */; };
		A27A8F2620610D55004FF997 /* XYStrategy.m in Sources */ = {isa = PBXBuildFile; fileRef = A27A8F2420610D55004FF997 /* XYStrategy.m */; };
		A27A8F2920613980004FF997 /* XYAmazonAdapter.h in Headers */ = {isa = PBXBuildFile; fileRef = A27A8F2720613980004FF997 /* XYAmazonAdapter.h */; };
		A27A8F2A20613980004FF997 /* XYAmazonAdapter.m in Sources */ = {isa = PBXBuildFile; fileRef = A27A8F2820613980004FF997 /* XYAmazonAdapter.m */; };
		A2A25D34206A440600F72338 /* XYBannerAdView.h in Headers */ = {isa = PBXBuildFile; fileRef = A2A25D32206A440600F72338 /* XYBannerAdView.h */; settings = {ATTRIBUTES = (Public, ); }; };
		A2A25D35206A440600F72338 /* XYBannerAdView.m in Sources */ = {isa = PBXBuildFile; fileRef = A2A25D33206A440600F72338 /* XYBannerAdView.m */; };
		A2BDAC5F205FEB5000A13AD5 /* XYbaseAdapter.h in Headers */ = {isa = PBXBuildFile; fileRef = A2BDAC5D205FEB5000A13AD5 /* XYbaseAdapter.h */; };
		A2BDAC60205FEB5000A13AD5 /* XYbaseAdapter.m in Sources */ = {isa = PBXBuildFile; fileRef = A2BDAC5E205FEB5000A13AD5 /* XYbaseAdapter.m */; };
		A2C67DDD2089D440008A7506 /* XYBaseAdView.h in Headers */ = {isa = PBXBuildFile; fileRef = A2C67DDB2089D440008A7506 /* XYBaseAdView.h */; settings = {ATTRIBUTES = (Public, ); }; };
		A2C67DDE2089D440008A7506 /* XYBaseAdView.m in Sources */ = {isa = PBXBuildFile; fileRef = A2C67DDC2089D440008A7506 /* XYBaseAdView.m */; };
		A2F2B91420624B1E0096611C /* XYGCDTool.h in Headers */ = {isa = PBXBuildFile; fileRef = A2F2B91220624B1E0096611C /* XYGCDTool.h */; };
		A2F2B91520624B1E0096611C /* XYGCDTool.m in Sources */ = {isa = PBXBuildFile; fileRef = A2F2B91320624B1E0096611C /* XYGCDTool.m */; };
		A2FCD902205A4F2B000AE06B /* XYAdsFramework.framework in Frameworks */ = {isa = PBXBuildFile; fileRef = A2FCD8F8205A4F2B000AE06B /* XYAdsFramework.framework */; };
		A2FCD907205A4F2B000AE06B /* XYAdsFrameworkTests.m in Sources */ = {isa = PBXBuildFile; fileRef = A2FCD906205A4F2B000AE06B /* XYAdsFrameworkTests.m */; };
		A2FCD909205A4F2B000AE06B /* XYAdsFramework.h in Headers */ = {isa = PBXBuildFile; fileRef = A2FCD8FB205A4F2B000AE06B /* XYAdsFramework.h */; settings = {ATTRIBUTES = (Public, ); }; };
		A2FCD914205A512A000AE06B /* XYAdsBaseManager.h in Headers */ = {isa = PBXBuildFile; fileRef = A2FCD912205A512A000AE06B /* XYAdsBaseManager.h */; };
		A2FCD915205A512A000AE06B /* XYAdsBaseManager.m in Sources */ = {isa = PBXBuildFile; fileRef = A2FCD913205A512A000AE06B /* XYAdsBaseManager.m */; };
		A2FCD918205A5161000AE06B /* XYAd.h in Headers */ = {isa = PBXBuildFile; fileRef = A2FCD916205A5161000AE06B /* XYAd.h */; };
		A2FCD919205A5162000AE06B /* XYAd.m in Sources */ = {isa = PBXBuildFile; fileRef = A2FCD917205A5161000AE06B /* XYAd.m */; };
/* End PBXBuildFile section */

/* Begin PBXContainerItemProxy section */
		A2FCD903205A4F2B000AE06B /* PBXContainerItemProxy */ = {
			isa = PBXContainerItemProxy;
			containerPortal = A2FCD8EF205A4F2B000AE06B /* Project object */;
			proxyType = 1;
			remoteGlobalIDString = A2FCD8F7205A4F2B000AE06B;
			remoteInfo = XYAdsFramework;
		};
/* End PBXContainerItemProxy section */

/* Begin PBXFileReference section */
		A2023E8320A5C6A100D5638A /* XYBaseAdView+internal.h */ = {isa = PBXFileReference; lastKnownFileType = sourcecode.c.h; path = "XYBaseAdView+internal.h"; sourceTree = "<group>"; };
		A203C4F2206E6E09007C5497 /* XYDelegate.h */ = {isa = PBXFileReference; lastKnownFileType = sourcecode.c.h; path = XYDelegate.h; sourceTree = "<group>"; };
		A203C4F3206E6E09007C5497 /* XYDelegate.m */ = {isa = PBXFileReference; lastKnownFileType = sourcecode.c.objc; path = XYDelegate.m; sourceTree = "<group>"; };
		A2652F34205BA63D00756678 /* XYVendorConfig.h */ = {isa = PBXFileReference; lastKnownFileType = sourcecode.c.h; path = XYVendorConfig.h; sourceTree = "<group>"; };
		A2652F35205BA63D00756678 /* XYVendorConfig.m */ = {isa = PBXFileReference; lastKnownFileType = sourcecode.c.objc; path = XYVendorConfig.m; sourceTree = "<group>"; };
		A2652F38205BCA5200756678 /* XYVendor.h */ = {isa = PBXFileReference; lastKnownFileType = sourcecode.c.h; path = XYVendor.h; sourceTree = "<group>"; };
		A2652F39205BCA5200756678 /* XYVendor.m */ = {isa = PBXFileReference; lastKnownFileType = sourcecode.c.objc; path = XYVendor.m; sourceTree = "<group>"; };
		A2652F42205CDFE500756678 /* XYLog.h */ = {isa = PBXFileReference; lastKnownFileType = sourcecode.c.h; path = XYLog.h; sourceTree = "<group>"; };
		A2652F43205CDFE500756678 /* XYLog.m */ = {isa = PBXFileReference; lastKnownFileType = sourcecode.c.objc; path = XYLog.m; sourceTree = "<group>"; };
		A27A8F2320610D55004FF997 /* XYStrategy.h */ = {isa = PBXFileReference; lastKnownFileType = sourcecode.c.h; path = XYStrategy.h; sourceTree = "<group>"; };
		A27A8F2420610D55004FF997 /* XYStrategy.m */ = {isa = PBXFileReference; lastKnownFileType = sourcecode.c.objc; path = XYStrategy.m; sourceTree = "<group>"; };
		A27A8F2720613980004FF997 /* XYAmazonAdapter.h */ = {isa = PBXFileReference; lastKnownFileType = sourcecode.c.h; path = XYAmazonAdapter.h; sourceTree = "<group>"; };
		A27A8F2820613980004FF997 /* XYAmazonAdapter.m */ = {isa = PBXFileReference; lastKnownFileType = sourcecode.c.objc; path = XYAmazonAdapter.m; sourceTree = "<group>"; };
		A2A25D32206A440600F72338 /* XYBannerAdView.h */ = {isa = PBXFileReference; lastKnownFileType = sourcecode.c.h; path = XYBannerAdView.h; sourceTree = "<group>"; };
		A2A25D33206A440600F72338 /* XYBannerAdView.m */ = {isa = PBXFileReference; lastKnownFileType = sourcecode.c.objc; path = XYBannerAdView.m; sourceTree = "<group>"; };
		A2BDAC5D205FEB5000A13AD5 /* XYbaseAdapter.h */ = {isa = PBXFileReference; lastKnownFileType = sourcecode.c.h; path = XYbaseAdapter.h; sourceTree = "<group>"; };
		A2BDAC5E205FEB5000A13AD5 /* XYbaseAdapter.m */ = {isa = PBXFileReference; lastKnownFileType = sourcecode.c.objc; path = XYbaseAdapter.m; sourceTree = "<group>"; };
		A2C67DDB2089D440008A7506 /* XYBaseAdView.h */ = {isa = PBXFileReference; lastKnownFileType = sourcecode.c.h; path = XYBaseAdView.h; sourceTree = "<group>"; };
		A2C67DDC2089D440008A7506 /* XYBaseAdView.m */ = {isa = PBXFileReference; lastKnownFileType = sourcecode.c.objc; path = XYBaseAdView.m; sourceTree = "<group>"; };
		A2F2B8922062089D0096611C /* DTBiOSSDK.framework */ = {isa = PBXFileReference; lastKnownFileType = wrapper.framework; path = DTBiOSSDK.framework; sourceTree = "<group>"; };
		A2F2B91220624B1E0096611C /* XYGCDTool.h */ = {isa = PBXFileReference; lastKnownFileType = sourcecode.c.h; path = XYGCDTool.h; sourceTree = "<group>"; };
		A2F2B91320624B1E0096611C /* XYGCDTool.m */ = {isa = PBXFileReference; lastKnownFileType = sourcecode.c.objc; path = XYGCDTool.m; sourceTree = "<group>"; };
		A2FCD8F8205A4F2B000AE06B /* XYAdsFramework.framework */ = {isa = PBXFileReference; explicitFileType = wrapper.framework; includeInIndex = 0; path = XYAdsFramework.framework; sourceTree = BUILT_PRODUCTS_DIR; };
		A2FCD8FB205A4F2B000AE06B /* XYAdsFramework.h */ = {isa = PBXFileReference; lastKnownFileType = sourcecode.c.h; path = XYAdsFramework.h; sourceTree = "<group>"; };
		A2FCD8FC205A4F2B000AE06B /* Info.plist */ = {isa = PBXFileReference; lastKnownFileType = text.plist.xml; path = Info.plist; sourceTree = "<group>"; };
		A2FCD901205A4F2B000AE06B /* XYAdsFrameworkTests.xctest */ = {isa = PBXFileReference; explicitFileType = wrapper.cfbundle; includeInIndex = 0; path = XYAdsFrameworkTests.xctest; sourceTree = BUILT_PRODUCTS_DIR; };
		A2FCD906205A4F2B000AE06B /* XYAdsFrameworkTests.m */ = {isa = PBXFileReference; lastKnownFileType = sourcecode.c.objc; path = XYAdsFrameworkTests.m; sourceTree = "<group>"; };
		A2FCD908205A4F2B000AE06B /* Info.plist */ = {isa = PBXFileReference; lastKnownFileType = text.plist.xml; path = Info.plist; sourceTree = "<group>"; };
		A2FCD912205A512A000AE06B /* XYAdsBaseManager.h */ = {isa = PBXFileReference; lastKnownFileType = sourcecode.c.h; path = XYAdsBaseManager.h; sourceTree = "<group>"; };
		A2FCD913205A512A000AE06B /* XYAdsBaseManager.m */ = {isa = PBXFileReference; lastKnownFileType = sourcecode.c.objc; path = XYAdsBaseManager.m; sourceTree = "<group>"; };
		A2FCD916205A5161000AE06B /* XYAd.h */ = {isa = PBXFileReference; lastKnownFileType = sourcecode.c.h; path = XYAd.h; sourceTree = "<group>"; };
		A2FCD917205A5161000AE06B /* XYAd.m */ = {isa = PBXFileReference; lastKnownFileType = sourcecode.c.objc; path = XYAd.m; sourceTree = "<group>"; };
/* End PBXFileReference section */

/* Begin PBXFrameworksBuildPhase section */
		A2FCD8F4205A4F2B000AE06B /* Frameworks */ = {
			isa = PBXFrameworksBuildPhase;
			buildActionMask = 2147483647;
			files = (
			);
			runOnlyForDeploymentPostprocessing = 0;
		};
		A2FCD8FE205A4F2B000AE06B /* Frameworks */ = {
			isa = PBXFrameworksBuildPhase;
			buildActionMask = 2147483647;
			files = (
				A2FCD902205A4F2B000AE06B /* XYAdsFramework.framework in Frameworks */,
			);
			runOnlyForDeploymentPostprocessing = 0;
		};
/* End PBXFrameworksBuildPhase section */

/* Begin PBXGroup section */
		A2652DA5205BA32200756678 /* ThirdPart */ = {
			isa = PBXGroup;
			children = (
				A2F2B8922062089D0096611C /* DTBiOSSDK.framework */,
				A2652F42205CDFE500756678 /* XYLog.h */,
				A2652F43205CDFE500756678 /* XYLog.m */,
				A2F2B91220624B1E0096611C /* XYGCDTool.h */,
				A2F2B91320624B1E0096611C /* XYGCDTool.m */,
			);
			path = ThirdPart;
			sourceTree = "<group>";
		};
		A2A25D31206A43CF00F72338 /* PublicHeader */ = {
			isa = PBXGroup;
			children = (
				A2A25D32206A440600F72338 /* XYBannerAdView.h */,
				A2A25D33206A440600F72338 /* XYBannerAdView.m */,
			);
			path = PublicHeader;
			sourceTree = "<group>";
		};
		A2BDAC62205FEB8A00A13AD5 /* Vendor */ = {
			isa = PBXGroup;
			children = (
				A2BDAC64205FEBCE00A13AD5 /* Amazon */,
				A2BDAC63205FEBC400A13AD5 /* Facebook */,
			);
			path = Vendor;
			sourceTree = "<group>";
		};
		A2BDAC63205FEBC400A13AD5 /* Facebook */ = {
			isa = PBXGroup;
			children = (
				A2BDAC65205FEC0900A13AD5 /* BannerAd */,
				A2BDAC69205FEC0900A13AD5 /* InStreamAd */,
				A2BDAC67205FEC0900A13AD5 /* InterstitialAd */,
				A2BDAC66205FEC0900A13AD5 /* NativeAd */,
				A2BDAC68205FEC0900A13AD5 /* RewardedAd */,
			);
			path = Facebook;
			sourceTree = "<group>";
		};
		A2BDAC64205FEBCE00A13AD5 /* Amazon */ = {
			isa = PBXGroup;
			children = (
				A2BDAC6E205FEC1900A13AD5 /* BannerAd */,
				A2BDAC6B205FEC1900A13AD5 /* InStreamAd */,
				A2BDAC6D205FEC1900A13AD5 /* InterstitialAd */,
				A2BDAC6A205FEC1900A13AD5 /* NativeAd */,
				A2BDAC6C205FEC1900A13AD5 /* RewardedAd */,
				A27A8F2720613980004FF997 /* XYAmazonAdapter.h */,
				A27A8F2820613980004FF997 /* XYAmazonAdapter.m */,
			);
			path = Amazon;
			sourceTree = "<group>";
		};
		A2BDAC65205FEC0900A13AD5 /* BannerAd */ = {
			isa = PBXGroup;
			children = (
			);
			path = BannerAd;
			sourceTree = "<group>";
		};
		A2BDAC66205FEC0900A13AD5 /* NativeAd */ = {
			isa = PBXGroup;
			children = (
			);
			path = NativeAd;
			sourceTree = "<group>";
		};
		A2BDAC67205FEC0900A13AD5 /* InterstitialAd */ = {
			isa = PBXGroup;
			children = (
			);
			path = InterstitialAd;
			sourceTree = "<group>";
		};
		A2BDAC68205FEC0900A13AD5 /* RewardedAd */ = {
			isa = PBXGroup;
			children = (
			);
			path = RewardedAd;
			sourceTree = "<group>";
		};
		A2BDAC69205FEC0900A13AD5 /* InStreamAd */ = {
			isa = PBXGroup;
			children = (
			);
			path = InStreamAd;
			sourceTree = "<group>";
		};
		A2BDAC6A205FEC1900A13AD5 /* NativeAd */ = {
			isa = PBXGroup;
			children = (
			);
			path = NativeAd;
			sourceTree = "<group>";
		};
		A2BDAC6B205FEC1900A13AD5 /* InStreamAd */ = {
			isa = PBXGroup;
			children = (
			);
			path = InStreamAd;
			sourceTree = "<group>";
		};
		A2BDAC6C205FEC1900A13AD5 /* RewardedAd */ = {
			isa = PBXGroup;
			children = (
			);
			path = RewardedAd;
			sourceTree = "<group>";
		};
		A2BDAC6D205FEC1900A13AD5 /* InterstitialAd */ = {
			isa = PBXGroup;
			children = (
			);
			path = InterstitialAd;
			sourceTree = "<group>";
		};
		A2BDAC6E205FEC1900A13AD5 /* BannerAd */ = {
			isa = PBXGroup;
			children = (
			);
			path = BannerAd;
			sourceTree = "<group>";
		};
		A2FCD8EE205A4F2B000AE06B = {
			isa = PBXGroup;
			children = (
				A2FCD8FA205A4F2B000AE06B /* XYAdsFramework */,
				A2FCD905205A4F2B000AE06B /* XYAdsFrameworkTests */,
				A2FCD8F9205A4F2B000AE06B /* Products */,
			);
			sourceTree = "<group>";
		};
		A2FCD8F9205A4F2B000AE06B /* Products */ = {
			isa = PBXGroup;
			children = (
				A2FCD8F8205A4F2B000AE06B /* XYAdsFramework.framework */,
				A2FCD901205A4F2B000AE06B /* XYAdsFrameworkTests.xctest */,
			);
			name = Products;
			sourceTree = "<group>";
		};
		A2FCD8FA205A4F2B000AE06B /* XYAdsFramework */ = {
			isa = PBXGroup;
			children = (
				A2BDAC62205FEB8A00A13AD5 /* Vendor */,
				A2FCD8FB205A4F2B000AE06B /* XYAdsFramework.h */,
				A2FCD912205A512A000AE06B /* XYAdsBaseManager.h */,
				A2FCD913205A512A000AE06B /* XYAdsBaseManager.m */,
				A2FCD916205A5161000AE06B /* XYAd.h */,
				A2FCD917205A5161000AE06B /* XYAd.m */,
				A27A8F2320610D55004FF997 /* XYStrategy.h */,
				A27A8F2420610D55004FF997 /* XYStrategy.m */,
				A2652F34205BA63D00756678 /* XYVendorConfig.h */,
				A2652F35205BA63D00756678 /* XYVendorConfig.m */,
				A2652F38205BCA5200756678 /* XYVendor.h */,
				A2652F39205BCA5200756678 /* XYVendor.m */,
				A2BDAC5D205FEB5000A13AD5 /* XYbaseAdapter.h */,
				A2BDAC5E205FEB5000A13AD5 /* XYbaseAdapter.m */,
				A2C67DDB2089D440008A7506 /* XYBaseAdView.h */,
				A2C67DDC2089D440008A7506 /* XYBaseAdView.m */,
				A2023E8320A5C6A100D5638A /* XYBaseAdView+internal.h */,
				A203C4F2206E6E09007C5497 /* XYDelegate.h */,
				A203C4F3206E6E09007C5497 /* XYDelegate.m */,
				A2A25D31206A43CF00F72338 /* PublicHeader */,
				A2652DA5205BA32200756678 /* ThirdPart */,
				A2FCD8FC205A4F2B000AE06B /* Info.plist */,
			);
			path = XYAdsFramework;
			sourceTree = "<group>";
		};
		A2FCD905205A4F2B000AE06B /* XYAdsFrameworkTests */ = {
			isa = PBXGroup;
			children = (
				A2FCD906205A4F2B000AE06B /* XYAdsFrameworkTests.m */,
				A2FCD908205A4F2B000AE06B /* Info.plist */,
			);
			path = XYAdsFrameworkTests;
			sourceTree = "<group>";
		};
/* End PBXGroup section */

/* Begin PBXHeadersBuildPhase section */
		A2FCD8F5205A4F2B000AE06B /* Headers */ = {
			isa = PBXHeadersBuildPhase;
			buildActionMask = 2147483647;
			files = (
				A2A25D34206A440600F72338 /* XYBannerAdView.h in Headers */,
				A2023E8520A5C6A100D5638A /* XYBaseAdView+internal.h in Headers */,
				A27A8F2920613980004FF997 /* XYAmazonAdapter.h in Headers */,
				A203C4F4206E6E09007C5497 /* XYDelegate.h in Headers */,
				A2652F44205CDFE500756678 /* XYLog.h in Headers */,
				A2FCD914205A512A000AE06B /* XYAdsBaseManager.h in Headers */,
				A2C67DDD2089D440008A7506 /* XYBaseAdView.h in Headers */,
				A2F2B91420624B1E0096611C /* XYGCDTool.h in Headers */,
				A2FCD909205A4F2B000AE06B /* XYAdsFramework.h in Headers */,
				A2652F3A205BCA5200756678 /* XYVendor.h in Headers */,
				A2FCD918205A5161000AE06B /* XYAd.h in Headers */,
				A2652F36205BA63D00756678 /* XYVendorConfig.h in Headers */,
				A27A8F2520610D55004FF997 /* XYStrategy.h in Headers */,
				A2BDAC5F205FEB5000A13AD5 /* XYbaseAdapter.h in Headers */,
			);
			runOnlyForDeploymentPostprocessing = 0;
		};
/* End PBXHeadersBuildPhase section */

/* Begin PBXNativeTarget section */
		A2FCD8F7205A4F2B000AE06B /* XYAdsFramework */ = {
			isa = PBXNativeTarget;
			buildConfigurationList = A2FCD90C205A4F2B000AE06B /* Build configuration list for PBXNativeTarget "XYAdsFramework" */;
			buildPhases = (
				A2FCD8F3205A4F2B000AE06B /* Sources */,
				A2FCD8F4205A4F2B000AE06B /* Frameworks */,
				A2FCD8F5205A4F2B000AE06B /* Headers */,
				A2FCD8F6205A4F2B000AE06B /* Resources */,
			);
			buildRules = (
			);
			dependencies = (
			);
			name = XYAdsFramework;
			productName = XYAdsFramework;
			productReference = A2FCD8F8205A4F2B000AE06B /* XYAdsFramework.framework */;
			productType = "com.apple.product-type.framework";
		};
		A2FCD900205A4F2B000AE06B /* XYAdsFrameworkTests */ = {
			isa = PBXNativeTarget;
			buildConfigurationList = A2FCD90F205A4F2B000AE06B /* Build configuration list for PBXNativeTarget "XYAdsFrameworkTests" */;
			buildPhases = (
				A2FCD8FD205A4F2B000AE06B /* Sources */,
				A2FCD8FE205A4F2B000AE06B /* Frameworks */,
				A2FCD8FF205A4F2B000AE06B /* Resources */,
			);
			buildRules = (
			);
			dependencies = (
				A2FCD904205A4F2B000AE06B /* PBXTargetDependency */,
			);
			name = XYAdsFrameworkTests;
			productName = XYAdsFrameworkTests;
			productReference = A2FCD901205A4F2B000AE06B /* XYAdsFrameworkTests.xctest */;
			productType = "com.apple.product-type.bundle.unit-test";
		};
/* End PBXNativeTarget section */

/* Begin PBXProject section */
		A2FCD8EF205A4F2B000AE06B /* Project object */ = {
			isa = PBXProject;
			attributes = {
				CLASSPREFIX = XY;
				LastUpgradeCheck = 0920;
				ORGANIZATIONNAME = xiangyu.zhao;
				TargetAttributes = {
					A2FCD8F7205A4F2B000AE06B = {
						CreatedOnToolsVersion = 9.2;
						ProvisioningStyle = Automatic;
					};
					A2FCD900205A4F2B000AE06B = {
						CreatedOnToolsVersion = 9.2;
						ProvisioningStyle = Automatic;
					};
				};
			};
			buildConfigurationList = A2FCD8F2205A4F2B000AE06B /* Build configuration list for PBXProject "XYAdsFramework" */;
			compatibilityVersion = "Xcode 8.0";
			developmentRegion = en;
			hasScannedForEncodings = 0;
			knownRegions = (
				en,
			);
			mainGroup = A2FCD8EE205A4F2B000AE06B;
			productRefGroup = A2FCD8F9205A4F2B000AE06B /* Products */;
			projectDirPath = "";
			projectRoot = "";
			targets = (
				A2FCD8F7205A4F2B000AE06B /* XYAdsFramework */,
				A2FCD900205A4F2B000AE06B /* XYAdsFrameworkTests */,
			);
		};
/* End PBXProject section */

/* Begin PBXResourcesBuildPhase section */
		A2FCD8F6205A4F2B000AE06B /* Resources */ = {
			isa = PBXResourcesBuildPhase;
			buildActionMask = 2147483647;
			files = (
			);
			runOnlyForDeploymentPostprocessing = 0;
		};
		A2FCD8FF205A4F2B000AE06B /* Resources */ = {
			isa = PBXResourcesBuildPhase;
			buildActionMask = 2147483647;
			files = (
			);
			runOnlyForDeploymentPostprocessing = 0;
		};
/* End PBXResourcesBuildPhase section */

/* Begin PBXSourcesBuildPhase section */
		A2FCD8F3205A4F2B000AE06B /* Sources */ = {
			isa = PBXSourcesBuildPhase;
			buildActionMask = 2147483647;
			files = (
				A2A25D35206A440600F72338 /* XYBannerAdView.m in Sources */,
				A2C67DDE2089D440008A7506 /* XYBaseAdView.m in Sources */,
				A2FCD915205A512A000AE06B /* XYAdsBaseManager.m in Sources */,
				A2BDAC60205FEB5000A13AD5 /* XYbaseAdapter.m in Sources */,
				A2652F37205BA63D00756678 /* XYVendorConfig.m in Sources */,
				A2F2B91520624B1E0096611C /* XYGCDTool.m in Sources */,
				A2652F3B205BCA5200756678 /* XYVendor.m in Sources */,
				A203C4F5206E6E09007C5497 /* XYDelegate.m in Sources */,
				A27A8F2A20613980004FF997 /* XYAmazonAdapter.m in Sources */,
				A2652F45205CDFE500756678 /* XYLog.m in Sources */,
				A27A8F2620610D55004FF997 /* XYStrategy.m in Sources */,
				A2FCD919205A5162000AE06B /* XYAd.m in Sources */,
			);
			runOnlyForDeploymentPostprocessing = 0;
		};
		A2FCD8FD205A4F2B000AE06B /* Sources */ = {
			isa = PBXSourcesBuildPhase;
			buildActionMask = 2147483647;
			files = (
				A2FCD907205A4F2B000AE06B /* XYAdsFrameworkTests.m in Sources */,
			);
			runOnlyForDeploymentPostprocessing = 0;
		};
/* End PBXSourcesBuildPhase section */

/* Begin PBXTargetDependency section */
		A2FCD904205A4F2B000AE06B /* PBXTargetDependency */ = {
			isa = PBXTargetDependency;
			target = A2FCD8F7205A4F2B000AE06B /* XYAdsFramework */;
			targetProxy = A2FCD903205A4F2B000AE06B /* PBXContainerItemProxy */;
		};
/* End PBXTargetDependency section */

/* Begin XCBuildConfiguration section */
		A2FCD90A205A4F2B000AE06B /* Debug */ = {
			isa = XCBuildConfiguration;
			buildSettings = {
				ALWAYS_SEARCH_USER_PATHS = NO;
				CLANG_ANALYZER_NONNULL = YES;
				CLANG_ANALYZER_NUMBER_OBJECT_CONVERSION = YES_AGGRESSIVE;
				CLANG_CXX_LANGUAGE_STANDARD = "gnu++14";
				CLANG_CXX_LIBRARY = "libc++";
				CLANG_ENABLE_MODULES = YES;
				CLANG_ENABLE_OBJC_ARC = YES;
				CLANG_WARN_BLOCK_CAPTURE_AUTORELEASING = YES;
				CLANG_WARN_BOOL_CONVERSION = YES;
				CLANG_WARN_COMMA = YES;
				CLANG_WARN_CONSTANT_CONVERSION = YES;
				CLANG_WARN_DIRECT_OBJC_ISA_USAGE = YES_ERROR;
				CLANG_WARN_DOCUMENTATION_COMMENTS = YES;
				CLANG_WARN_EMPTY_BODY = YES;
				CLANG_WARN_ENUM_CONVERSION = YES;
				CLANG_WARN_INFINITE_RECURSION = YES;
				CLANG_WARN_INT_CONVERSION = YES;
				CLANG_WARN_NON_LITERAL_NULL_CONVERSION = YES;
				CLANG_WARN_OBJC_LITERAL_CONVERSION = YES;
				CLANG_WARN_OBJC_ROOT_CLASS = YES_ERROR;
				CLANG_WARN_RANGE_LOOP_ANALYSIS = YES;
				CLANG_WARN_STRICT_PROTOTYPES = YES;
				CLANG_WARN_SUSPICIOUS_MOVE = YES;
				CLANG_WARN_UNGUARDED_AVAILABILITY = YES_AGGRESSIVE;
				CLANG_WARN_UNREACHABLE_CODE = YES;
				CLANG_WARN__DUPLICATE_METHOD_MATCH = YES;
				CODE_SIGN_IDENTITY = "iPhone Developer";
				COPY_PHASE_STRIP = NO;
				CURRENT_PROJECT_VERSION = 1;
				DEBUG_INFORMATION_FORMAT = dwarf;
				ENABLE_STRICT_OBJC_MSGSEND = YES;
				ENABLE_TESTABILITY = YES;
				GCC_C_LANGUAGE_STANDARD = gnu11;
				GCC_DYNAMIC_NO_PIC = NO;
				GCC_NO_COMMON_BLOCKS = YES;
				GCC_OPTIMIZATION_LEVEL = 0;
				GCC_PREPROCESSOR_DEFINITIONS = (
					"DEBUG=1",
					"$(inherited)",
				);
				GCC_WARN_64_TO_32_BIT_CONVERSION = YES;
				GCC_WARN_ABOUT_RETURN_TYPE = YES_ERROR;
				GCC_WARN_UNDECLARED_SELECTOR = YES;
				GCC_WARN_UNINITIALIZED_AUTOS = YES_AGGRESSIVE;
				GCC_WARN_UNUSED_FUNCTION = YES;
				GCC_WARN_UNUSED_VARIABLE = YES;
				IPHONEOS_DEPLOYMENT_TARGET = 11.2;
				MTL_ENABLE_DEBUG_INFO = YES;
				ONLY_ACTIVE_ARCH = YES;
				SDKROOT = iphoneos;
				VERSIONING_SYSTEM = "apple-generic";
				VERSION_INFO_PREFIX = "";
			};
			name = Debug;
		};
		A2FCD90B205A4F2B000AE06B /* Release */ = {
			isa = XCBuildConfiguration;
			buildSettings = {
				ALWAYS_SEARCH_USER_PATHS = NO;
				CLANG_ANALYZER_NONNULL = YES;
				CLANG_ANALYZER_NUMBER_OBJECT_CONVERSION = YES_AGGRESSIVE;
				CLANG_CXX_LANGUAGE_STANDARD = "gnu++14";
				CLANG_CXX_LIBRARY = "libc++";
				CLANG_ENABLE_MODULES = YES;
				CLANG_ENABLE_OBJC_ARC = YES;
				CLANG_WARN_BLOCK_CAPTURE_AUTORELEASING = YES;
				CLANG_WARN_BOOL_CONVERSION = YES;
				CLANG_WARN_COMMA = YES;
				CLANG_WARN_CONSTANT_CONVERSION = YES;
				CLANG_WARN_DIRECT_OBJC_ISA_USAGE = YES_ERROR;
				CLANG_WARN_DOCUMENTATION_COMMENTS = YES;
				CLANG_WARN_EMPTY_BODY = YES;
				CLANG_WARN_ENUM_CONVERSION = YES;
				CLANG_WARN_INFINITE_RECURSION = YES;
				CLANG_WARN_INT_CONVERSION = YES;
				CLANG_WARN_NON_LITERAL_NULL_CONVERSION = YES;
				CLANG_WARN_OBJC_LITERAL_CONVERSION = YES;
				CLANG_WARN_OBJC_ROOT_CLASS = YES_ERROR;
				CLANG_WARN_RANGE_LOOP_ANALYSIS = YES;
				CLANG_WARN_STRICT_PROTOTYPES = YES;
				CLANG_WARN_SUSPICIOUS_MOVE = YES;
				CLANG_WARN_UNGUARDED_AVAILABILITY = YES_AGGRESSIVE;
				CLANG_WARN_UNREACHABLE_CODE = YES;
				CLANG_WARN__DUPLICATE_METHOD_MATCH = YES;
				CODE_SIGN_IDENTITY = "iPhone Developer";
				COPY_PHASE_STRIP = NO;
				CURRENT_PROJECT_VERSION = 1;
				DEBUG_INFORMATION_FORMAT = "dwarf-with-dsym";
				ENABLE_NS_ASSERTIONS = NO;
				ENABLE_STRICT_OBJC_MSGSEND = YES;
				GCC_C_LANGUAGE_STANDARD = gnu11;
				GCC_NO_COMMON_BLOCKS = YES;
				GCC_WARN_64_TO_32_BIT_CONVERSION = YES;
				GCC_WARN_ABOUT_RETURN_TYPE = YES_ERROR;
				GCC_WARN_UNDECLARED_SELECTOR = YES;
				GCC_WARN_UNINITIALIZED_AUTOS = YES_AGGRESSIVE;
				GCC_WARN_UNUSED_FUNCTION = YES;
				GCC_WARN_UNUSED_VARIABLE = YES;
				IPHONEOS_DEPLOYMENT_TARGET = 11.2;
				MTL_ENABLE_DEBUG_INFO = NO;
				SDKROOT = iphoneos;
				VALIDATE_PRODUCT = YES;
				VERSIONING_SYSTEM = "apple-generic";
				VERSION_INFO_PREFIX = "";
			};
			name = Release;
		};
		A2FCD90D205A4F2B000AE06B /* Debug */ = {
			isa = XCBuildConfiguration;
			buildSettings = {
				CODE_SIGN_IDENTITY = "";
				CODE_SIGN_STYLE = Automatic;
				DEAD_CODE_STRIPPING = NO;
				DEFINES_MODULE = YES;
				DEVELOPMENT_TEAM = P23UWXMRAB;
				DYLIB_COMPATIBILITY_VERSION = 1;
				DYLIB_CURRENT_VERSION = 1;
				DYLIB_INSTALL_NAME_BASE = "@rpath";
				INFOPLIST_FILE = XYAdsFramework/Info.plist;
				INSTALL_PATH = "$(LOCAL_LIBRARY_DIR)/Frameworks";
				IPHONEOS_DEPLOYMENT_TARGET = 7.0;
				LD_RUNPATH_SEARCH_PATHS = "$(inherited) @executable_path/Frameworks @loader_path/Frameworks";
				PRODUCT_BUNDLE_IDENTIFIER = personal.zxy.XYAdsFramework;
				PRODUCT_NAME = "$(TARGET_NAME:c99extidentifier)";
				SKIP_INSTALL = YES;
				STRIP_STYLE = "non-global";
				TARGETED_DEVICE_FAMILY = "1,2";
			};
			name = Debug;
		};
		A2FCD90E205A4F2B000AE06B /* Release */ = {
			isa = XCBuildConfiguration;
			buildSettings = {
				CODE_SIGN_IDENTITY = "";
				CODE_SIGN_STYLE = Automatic;
				DEAD_CODE_STRIPPING = NO;
				DEFINES_MODULE = YES;
				DEVELOPMENT_TEAM = P23UWXMRAB;
				DYLIB_COMPATIBILITY_VERSION = 1;
				DYLIB_CURRENT_VERSION = 1;
				DYLIB_INSTALL_NAME_BASE = "@rpath";
				INFOPLIST_FILE = XYAdsFramework/Info.plist;
				INSTALL_PATH = "$(LOCAL_LIBRARY_DIR)/Frameworks";
				IPHONEOS_DEPLOYMENT_TARGET = 7.0;
				LD_RUNPATH_SEARCH_PATHS = "$(inherited) @executable_path/Frameworks @loader_path/Frameworks";
				PRODUCT_BUNDLE_IDENTIFIER = personal.zxy.XYAdsFramework;
				PRODUCT_NAME = "$(TARGET_NAME:c99extidentifier)";
				SKIP_INSTALL = YES;
				STRIP_STYLE = "non-global";
				TARGETED_DEVICE_FAMILY = "1,2";
			};
			name = Release;
		};
		A2FCD910205A4F2B000AE06B /* Debug */ = {
			isa = XCBuildConfiguration;
			buildSettings = {
				CODE_SIGN_STYLE = Automatic;
				DEVELOPMENT_TEAM = P23UWXMRAB;
				INFOPLIST_FILE = XYAdsFrameworkTests/Info.plist;
				LD_RUNPATH_SEARCH_PATHS = "$(inherited) @executable_path/Frameworks @loader_path/Frameworks";
				PRODUCT_BUNDLE_IDENTIFIER = personal.zxy.XYAdsFrameworkTests;
				PRODUCT_NAME = "$(TARGET_NAME)";
				TARGETED_DEVICE_FAMILY = "1,2";
			};
			name = Debug;
		};
		A2FCD911205A4F2B000AE06B /* Release */ = {
			isa = XCBuildConfiguration;
			buildSettings = {
				CODE_SIGN_STYLE = Automatic;
				DEVELOPMENT_TEAM = P23UWXMRAB;
				INFOPLIST_FILE = XYAdsFrameworkTests/Info.plist;
				LD_RUNPATH_SEARCH_PATHS = "$(inherited) @executable_path/Frameworks @loader_path/Frameworks";
				PRODUCT_BUNDLE_IDENTIFIER = personal.zxy.XYAdsFrameworkTests;
				PRODUCT_NAME = "$(TARGET_NAME)";
				TARGETED_DEVICE_FAMILY = "1,2";
			};
			name = Release;
		};
/* End XCBuildConfiguration section */

/* Begin XCConfigurationList section */
		A2FCD8F2205A4F2B000AE06B /* Build configuration list for PBXProject "XYAdsFramework" */ = {
			isa = XCConfigurationList;
			buildConfigurations = (
				A2FCD90A205A4F2B000AE06B /* Debug */,
				A2FCD90B205A4F2B000AE06B /* Release */,
			);
			defaultConfigurationIsVisible = 0;
			defaultConfigurationName = Release;
		};
		A2FCD90C205A4F2B000AE06B /* Build configuration list for PBXNativeTarget "XYAdsFramework" */ = {
			isa = XCConfigurationList;
			buildConfigurations = (
				A2FCD90D205A4F2B000AE06B /* Debug */,
				A2FCD90E205A4F2B000AE06B /* Release */,
			);
			defaultConfigurationIsVisible = 0;
			defaultConfigurationName = Release;
		};
		A2FCD90F205A4F2B000AE06B /* Build configuration list for PBXNativeTarget "XYAdsFrameworkTests" */ = {
			isa = XCConfigurationList;
			buildConfigurations = (
				A2FCD910205A4F2B000AE06B /* Debug */,
				A2FCD911205A4F2B000AE06B /* Release */,
			);
			defaultConfigurationIsVisible = 0;
			defaultConfigurationName = Release;
		};
/* End XCConfigurationList section */
	};
	rootObject = A2FCD8EF205A4F2B000AE06B /* Project object */;
}
